
Microsoft Visual Studio Solution File, Format Version 12.00
# Visual Studio Version 17
VisualStudioVersion = 17.9.34622.214
MinimumVisualStudioVersion = 10.0.40219.1
Project("{9A19103F-16F7-4668-BE54-9A1E7A4F7556}") = "SkyYamashitaHomework1", "SkyYamashitaHomework1.csproj", "{EEC85361-CBC5-48CF-B08C-6857BE8113AA}"
EndProject
Global
	GlobalSection(SolutionConfigurationPlatforms) = preSolution
		Debug|Any CPU = Debug|Any CPU
		Release|Any CPU = Release|Any CPU
	EndGlobalSection
	GlobalSection(ProjectConfigurationPlatforms) = postSolution
		{EEC85361-CBC5-48CF-B08C-6857BE8113AA}.Debug|Any CPU.ActiveCfg = Debug|Any CPU
		{EEC85361-CBC5-48CF-B08C-6857BE8113AA}.Debug|Any CPU.Build.0 = Debug|Any CPU
		{EEC85361-CBC5-48CF-B08C-6857BE8113AA}.Release|Any CPU.ActiveCfg = Release|Any CPU
		{EEC85361-CBC5-48CF-B08C-6857BE8113AA}.Release|Any CPU.Build.0 = Release|Any CPU
	EndGlobalSection
	GlobalSection(SolutionProperties) = preSolution
		HideSolutionNode = FALSE
	EndGlobalSection
	GlobalSection(ExtensibilityGlobals) = postSolution
		SolutionGuid = {1AF0A8C3-F36B-462E-A11F-05C2FE3491C3}
	EndGlobalSection
EndGlobal
